
Microsoft Visual Studio Solution File, Format Version 12.00
# Visual Studio Version 17
VisualStudioVersion = 17.9.34310.174
MinimumVisualStudioVersion = 10.0.40219.1
Project("{FAE04EC0-301F-11D3-BF4B-00C04F79EFBC}") = "Leetcode", "Leetcode\Leetcode.csproj", "{FEB3750B-66C5-453A-A979-6C8BB91560BA}"
EndProject
Global
	GlobalSection(SolutionConfigurationPlatforms) = preSolution
		Debug|Any CPU = Debug|Any CPU
		Release|Any CPU = Release|Any CPU
	EndGlobalSection
	GlobalSection(ProjectConfigurationPlatforms) = postSolution
		{FEB3750B-66C5-453A-A979-6C8BB91560BA}.Debug|Any CPU.ActiveCfg = Debug|Any CPU
		{FEB3750B-66C5-453A-A979-6C8BB91560BA}.Debug|Any CPU.Build.0 = Debug|Any CPU
		{FEB3750B-66C5-453A-A979-6C8BB91560BA}.Release|Any CPU.ActiveCfg = Release|Any CPU
		{FEB3750B-66C5-453A-A979-6C8BB91560BA}.Release|Any CPU.Build.0 = Release|Any CPU
	EndGlobalSection
	GlobalSection(SolutionProperties) = preSolution
		HideSolutionNode = FALSE
	EndGlobalSection
	GlobalSection(ExtensibilityGlobals) = postSolution
		SolutionGuid = {3DC7FD6E-9E81-4DD2-88C1-D7494E07065D}
	EndGlobalSection
EndGlobal
